
Microsoft Visual Studio Solution File, Format Version 12.00
# Visual Studio Version 16
VisualStudioVersion = 16.0.30517.126
MinimumVisualStudioVersion = 10.0.40219.1
Project("{FAE04EC0-301F-11D3-BF4B-00C04F79EFBC}") = "lab4", "lab4\lab4.csproj", "{6BAEC5D6-150E-4EA8-AF9A-8D26B415A8A7}"
EndProject
Global
	GlobalSection(SolutionConfigurationPlatforms) = preSolution
		Debug|Any CPU = Debug|Any CPU
		Release|Any CPU = Release|Any CPU
	EndGlobalSection
	GlobalSection(ProjectConfigurationPlatforms) = postSolution
		{6BAEC5D6-150E-4EA8-AF9A-8D26B415A8A7}.Debug|Any CPU.ActiveCfg = Debug|Any CPU
		{6BAEC5D6-150E-4EA8-AF9A-8D26B415A8A7}.Debug|Any CPU.Build.0 = Debug|Any CPU
		{6BAEC5D6-150E-4EA8-AF9A-8D26B415A8A7}.Release|Any CPU.ActiveCfg = Release|Any CPU
		{6BAEC5D6-150E-4EA8-AF9A-8D26B415A8A7}.Release|Any CPU.Build.0 = Release|Any CPU
	EndGlobalSection
	GlobalSection(SolutionProperties) = preSolution
		HideSolutionNode = FALSE
	EndGlobalSection
	GlobalSection(ExtensibilityGlobals) = postSolution
		SolutionGuid = {8C25933E-48C8-4F39-B2BD-FEF7630DDD2D}
	EndGlobalSection
EndGlobal
